
Microsoft Visual Studio Solution File, Format Version 12.00
# Visual Studio 2012
Project("{FAE04EC0-301F-11D3-BF4B-00C04F79EFBC}") = "Rise.Numerics", "Rise.Numerics\Rise.Numerics.csproj", "{D8759F06-AD59-4F88-9B3B-09B8D71BF5EC}"
EndProject
Project("{FAE04EC0-301F-11D3-BF4B-00C04F79EFBC}") = "Rise.Imaging", "Rise.Imaging\Rise.Imaging.csproj", "{0C587295-ADFD-4097-AA9D-F51CA9E8D6B9}"
EndProject
Project("{FAE04EC0-301F-11D3-BF4B-00C04F79EFBC}") = "Rise.Framework", "Rise.Framework\Rise.Framework.csproj", "{B374B137-D5DE-41F2-AA8A-EDD234D400CA}"
EndProject
Project("{FAE04EC0-301F-11D3-BF4B-00C04F79EFBC}") = "Rise.Test", "Rise.Test\Rise.Test.csproj", "{AF2A75B7-3202-4425-9EF7-25223BB969C7}"
EndProject
Project("{FAE04EC0-301F-11D3-BF4B-00C04F79EFBC}") = "Rise.PlatformSDL", "Rise.PlatformSDL\Rise.PlatformSDL.csproj", "{9930176E-AACB-47FB-A549-84582DBFA9D2}"
EndProject
Project("{FAE04EC0-301F-11D3-BF4B-00C04F79EFBC}") = "Rise.Entities", "Rise.Entities\Rise.Entities.csproj", "{32F7D13B-49E4-4B66-B265-3B34A3CC9EA9}"
EndProject
Project("{FAE04EC0-301F-11D3-BF4B-00C04F79EFBC}") = "Rise.Models", "Rise.Models\Rise.Models.csproj", "{BE309DD3-1C88-49C0-A506-2485934C709D}"
EndProject
Project("{FAE04EC0-301F-11D3-BF4B-00C04F79EFBC}") = "Rise.Serialization", "Rise.Serialization\Rise.Serialization.csproj", "{79DADF15-46C3-4E8B-8B4B-727F494FF570}"
EndProject
Project("{FAE04EC0-301F-11D3-BF4B-00C04F79EFBC}") = "Rise.SerializationTest", "Rise.SerializationTest\Rise.SerializationTest.csproj", "{6B0C5B89-6F70-4EC0-A541-701CF1D2F5CF}"
EndProject
Global
	GlobalSection(SolutionConfigurationPlatforms) = preSolution
		Debug|Any CPU = Debug|Any CPU
		Release|Any CPU = Release|Any CPU
		Debug|x86 = Debug|x86
		Release|x86 = Release|x86
	EndGlobalSection
	GlobalSection(ProjectConfigurationPlatforms) = postSolution
		{D8759F06-AD59-4F88-9B3B-09B8D71BF5EC}.Debug|Any CPU.ActiveCfg = Debug|Any CPU
		{D8759F06-AD59-4F88-9B3B-09B8D71BF5EC}.Debug|Any CPU.Build.0 = Debug|Any CPU
		{D8759F06-AD59-4F88-9B3B-09B8D71BF5EC}.Release|Any CPU.ActiveCfg = Release|Any CPU
		{D8759F06-AD59-4F88-9B3B-09B8D71BF5EC}.Release|Any CPU.Build.0 = Release|Any CPU
		{D8759F06-AD59-4F88-9B3B-09B8D71BF5EC}.Debug|x86.ActiveCfg = Debug|Any CPU
		{D8759F06-AD59-4F88-9B3B-09B8D71BF5EC}.Debug|x86.Build.0 = Debug|Any CPU
		{D8759F06-AD59-4F88-9B3B-09B8D71BF5EC}.Release|x86.ActiveCfg = Release|Any CPU
		{D8759F06-AD59-4F88-9B3B-09B8D71BF5EC}.Release|x86.Build.0 = Release|Any CPU
		{0C587295-ADFD-4097-AA9D-F51CA9E8D6B9}.Debug|Any CPU.ActiveCfg = Debug|Any CPU
		{0C587295-ADFD-4097-AA9D-F51CA9E8D6B9}.Debug|Any CPU.Build.0 = Debug|Any CPU
		{0C587295-ADFD-4097-AA9D-F51CA9E8D6B9}.Release|Any CPU.ActiveCfg = Release|Any CPU
		{0C587295-ADFD-4097-AA9D-F51CA9E8D6B9}.Release|Any CPU.Build.0 = Release|Any CPU
		{0C587295-ADFD-4097-AA9D-F51CA9E8D6B9}.Debug|x86.ActiveCfg = Debug|Any CPU
		{0C587295-ADFD-4097-AA9D-F51CA9E8D6B9}.Debug|x86.Build.0 = Debug|Any CPU
		{0C587295-ADFD-4097-AA9D-F51CA9E8D6B9}.Release|x86.ActiveCfg = Release|Any CPU
		{0C587295-ADFD-4097-AA9D-F51CA9E8D6B9}.Release|x86.Build.0 = Release|Any CPU
		{B374B137-D5DE-41F2-AA8A-EDD234D400CA}.Debug|Any CPU.ActiveCfg = Debug|Any CPU
		{B374B137-D5DE-41F2-AA8A-EDD234D400CA}.Debug|Any CPU.Build.0 = Debug|Any CPU
		{B374B137-D5DE-41F2-AA8A-EDD234D400CA}.Release|Any CPU.ActiveCfg = Release|Any CPU
		{B374B137-D5DE-41F2-AA8A-EDD234D400CA}.Release|Any CPU.Build.0 = Release|Any CPU
		{B374B137-D5DE-41F2-AA8A-EDD234D400CA}.Debug|x86.ActiveCfg = Debug|Any CPU
		{B374B137-D5DE-41F2-AA8A-EDD234D400CA}.Debug|x86.Build.0 = Debug|Any CPU
		{B374B137-D5DE-41F2-AA8A-EDD234D400CA}.Release|x86.ActiveCfg = Release|Any CPU
		{B374B137-D5DE-41F2-AA8A-EDD234D400CA}.Release|x86.Build.0 = Release|Any CPU
		{AF2A75B7-3202-4425-9EF7-25223BB969C7}.Debug|Any CPU.ActiveCfg = Debug|Any CPU
		{AF2A75B7-3202-4425-9EF7-25223BB969C7}.Debug|Any CPU.Build.0 = Debug|Any CPU
		{AF2A75B7-3202-4425-9EF7-25223BB969C7}.Release|Any CPU.ActiveCfg = Release|Any CPU
		{AF2A75B7-3202-4425-9EF7-25223BB969C7}.Release|Any CPU.Build.0 = Release|Any CPU
		{AF2A75B7-3202-4425-9EF7-25223BB969C7}.Debug|x86.ActiveCfg = Debug|Any CPU
		{AF2A75B7-3202-4425-9EF7-25223BB969C7}.Debug|x86.Build.0 = Debug|Any CPU
		{AF2A75B7-3202-4425-9EF7-25223BB969C7}.Release|x86.ActiveCfg = Release|Any CPU
		{AF2A75B7-3202-4425-9EF7-25223BB969C7}.Release|x86.Build.0 = Release|Any CPU
		{9930176E-AACB-47FB-A549-84582DBFA9D2}.Debug|Any CPU.ActiveCfg = Debug|Any CPU
		{9930176E-AACB-47FB-A549-84582DBFA9D2}.Debug|Any CPU.Build.0 = Debug|Any CPU
		{9930176E-AACB-47FB-A549-84582DBFA9D2}.Release|Any CPU.ActiveCfg = Release|Any CPU
		{9930176E-AACB-47FB-A549-84582DBFA9D2}.Release|Any CPU.Build.0 = Release|Any CPU
		{9930176E-AACB-47FB-A549-84582DBFA9D2}.Debug|x86.ActiveCfg = Debug|Any CPU
		{9930176E-AACB-47FB-A549-84582DBFA9D2}.Debug|x86.Build.0 = Debug|Any CPU
		{9930176E-AACB-47FB-A549-84582DBFA9D2}.Release|x86.ActiveCfg = Release|Any CPU
		{9930176E-AACB-47FB-A549-84582DBFA9D2}.Release|x86.Build.0 = Release|Any CPU
		{32F7D13B-49E4-4B66-B265-3B34A3CC9EA9}.Debug|Any CPU.ActiveCfg = Debug|Any CPU
		{32F7D13B-49E4-4B66-B265-3B34A3CC9EA9}.Debug|Any CPU.Build.0 = Debug|Any CPU
		{32F7D13B-49E4-4B66-B265-3B34A3CC9EA9}.Release|Any CPU.ActiveCfg = Release|Any CPU
		{32F7D13B-49E4-4B66-B265-3B34A3CC9EA9}.Release|Any CPU.Build.0 = Release|Any CPU
		{32F7D13B-49E4-4B66-B265-3B34A3CC9EA9}.Debug|x86.ActiveCfg = Debug|Any CPU
		{32F7D13B-49E4-4B66-B265-3B34A3CC9EA9}.Debug|x86.Build.0 = Debug|Any CPU
		{32F7D13B-49E4-4B66-B265-3B34A3CC9EA9}.Release|x86.ActiveCfg = Release|Any CPU
		{32F7D13B-49E4-4B66-B265-3B34A3CC9EA9}.Release|x86.Build.0 = Release|Any CPU
		{BE309DD3-1C88-49C0-A506-2485934C709D}.Debug|Any CPU.ActiveCfg = Debug|Any CPU
		{BE309DD3-1C88-49C0-A506-2485934C709D}.Debug|Any CPU.Build.0 = Debug|Any CPU
		{BE309DD3-1C88-49C0-A506-2485934C709D}.Release|Any CPU.ActiveCfg = Release|Any CPU
		{BE309DD3-1C88-49C0-A506-2485934C709D}.Release|Any CPU.Build.0 = Release|Any CPU
		{BE309DD3-1C88-49C0-A506-2485934C709D}.Debug|x86.ActiveCfg = Debug|Any CPU
		{BE309DD3-1C88-49C0-A506-2485934C709D}.Debug|x86.Build.0 = Debug|Any CPU
		{BE309DD3-1C88-49C0-A506-2485934C709D}.Release|x86.ActiveCfg = Release|Any CPU
		{BE309DD3-1C88-49C0-A506-2485934C709D}.Release|x86.Build.0 = Release|Any CPU
		{79DADF15-46C3-4E8B-8B4B-727F494FF570}.Debug|Any CPU.ActiveCfg = Debug|Any CPU
		{79DADF15-46C3-4E8B-8B4B-727F494FF570}.Debug|Any CPU.Build.0 = Debug|Any CPU
		{79DADF15-46C3-4E8B-8B4B-727F494FF570}.Release|Any CPU.ActiveCfg = Release|Any CPU
		{79DADF15-46C3-4E8B-8B4B-727F494FF570}.Release|Any CPU.Build.0 = Release|Any CPU
		{79DADF15-46C3-4E8B-8B4B-727F494FF570}.Debug|x86.ActiveCfg = Debug|Any CPU
		{79DADF15-46C3-4E8B-8B4B-727F494FF570}.Debug|x86.Build.0 = Debug|Any CPU
		{79DADF15-46C3-4E8B-8B4B-727F494FF570}.Release|x86.ActiveCfg = Release|Any CPU
		{79DADF15-46C3-4E8B-8B4B-727F494FF570}.Release|x86.Build.0 = Release|Any CPU
		{6B0C5B89-6F70-4EC0-A541-701CF1D2F5CF}.Debug|Any CPU.ActiveCfg = Debug|Any CPU
		{6B0C5B89-6F70-4EC0-A541-701CF1D2F5CF}.Debug|Any CPU.Build.0 = Debug|Any CPU
		{6B0C5B89-6F70-4EC0-A541-701CF1D2F5CF}.Release|Any CPU.ActiveCfg = Release|Any CPU
		{6B0C5B89-6F70-4EC0-A541-701CF1D2F5CF}.Release|Any CPU.Build.0 = Release|Any CPU
		{6B0C5B89-6F70-4EC0-A541-701CF1D2F5CF}.Debug|x86.ActiveCfg = Debug|Any CPU
		{6B0C5B89-6F70-4EC0-A541-701CF1D2F5CF}.Debug|x86.Build.0 = Debug|Any CPU
		{6B0C5B89-6F70-4EC0-A541-701CF1D2F5CF}.Release|x86.ActiveCfg = Release|Any CPU
		{6B0C5B89-6F70-4EC0-A541-701CF1D2F5CF}.Release|x86.Build.0 = Release|Any CPU
	EndGlobalSection
	GlobalSection(MonoDevelopProperties) = preSolution
		Policies = $0
		$0.DotNetNamingPolicy = $1
	EndGlobalSection
EndGlobal
